
Microsoft Visual Studio Solution File, Format Version 12.00
# Visual Studio Version 17
VisualStudioVersion = 17.10.35122.118
MinimumVisualStudioVersion = 10.0.40219.1
Project("{FAE04EC0-301F-11D3-BF4B-00C04F79EFBC}") = "SaboresCercanos_Backend", "SaboresCercanos_Backend.csproj", "{247DD790-B86A-4279-84DD-10F6A8E09074}"
EndProject
Global
	GlobalSection(SolutionConfigurationPlatforms) = preSolution
		Debug|Any CPU = Debug|Any CPU
		Release|Any CPU = Release|Any CPU
	EndGlobalSection
	GlobalSection(ProjectConfigurationPlatforms) = postSolution
		{247DD790-B86A-4279-84DD-10F6A8E09074}.Debug|Any CPU.ActiveCfg = Debug|Any CPU
		{247DD790-B86A-4279-84DD-10F6A8E09074}.Debug|Any CPU.Build.0 = Debug|Any CPU
		{247DD790-B86A-4279-84DD-10F6A8E09074}.Release|Any CPU.ActiveCfg = Release|Any CPU
		{247DD790-B86A-4279-84DD-10F6A8E09074}.Release|Any CPU.Build.0 = Release|Any CPU
	EndGlobalSection
	GlobalSection(SolutionProperties) = preSolution
		HideSolutionNode = FALSE
	EndGlobalSection
	GlobalSection(ExtensibilityGlobals) = postSolution
		SolutionGuid = {02A816F7-9CA9-4B0F-A54A-A02D36B8B246}
	EndGlobalSection
EndGlobal
